
Microsoft Visual Studio Solution File, Format Version 12.00
# Visual Studio Version 17
VisualStudioVersion = 17.14.36203.30 d17.14
MinimumVisualStudioVersion = 10.0.40219.1
Project("{FAE04EC0-301F-11D3-BF4B-00C04F79EFBC}") = "Decorator.Tests", "Decorator\Decorator.Tests.csproj", "{07DDA729-0F41-4767-8F1F-EBE69E25CE6F}"
EndProject
Project("{FAE04EC0-301F-11D3-BF4B-00C04F79EFBC}") = "CoffeeProducts", "CoffeeProducts\CoffeeProducts.csproj", "{A9ED242D-741B-46EB-8F61-F8D4211A3298}"
EndProject
Global
	GlobalSection(SolutionConfigurationPlatforms) = preSolution
		Debug|Any CPU = Debug|Any CPU
		Release|Any CPU = Release|Any CPU
	EndGlobalSection
	GlobalSection(ProjectConfigurationPlatforms) = postSolution
		{07DDA729-0F41-4767-8F1F-EBE69E25CE6F}.Debug|Any CPU.ActiveCfg = Debug|Any CPU
		{07DDA729-0F41-4767-8F1F-EBE69E25CE6F}.Debug|Any CPU.Build.0 = Debug|Any CPU
		{07DDA729-0F41-4767-8F1F-EBE69E25CE6F}.Release|Any CPU.ActiveCfg = Release|Any CPU
		{07DDA729-0F41-4767-8F1F-EBE69E25CE6F}.Release|Any CPU.Build.0 = Release|Any CPU
		{A9ED242D-741B-46EB-8F61-F8D4211A3298}.Debug|Any CPU.ActiveCfg = Debug|Any CPU
		{A9ED242D-741B-46EB-8F61-F8D4211A3298}.Debug|Any CPU.Build.0 = Debug|Any CPU
		{A9ED242D-741B-46EB-8F61-F8D4211A3298}.Release|Any CPU.ActiveCfg = Release|Any CPU
		{A9ED242D-741B-46EB-8F61-F8D4211A3298}.Release|Any CPU.Build.0 = Release|Any CPU
	EndGlobalSection
	GlobalSection(SolutionProperties) = preSolution
		HideSolutionNode = FALSE
	EndGlobalSection
	GlobalSection(ExtensibilityGlobals) = postSolution
		SolutionGuid = {5B202959-7D2B-4A6D-8374-445EA06E218B}
	EndGlobalSection
EndGlobal
